
Microsoft Visual Studio Solution File, Format Version 12.00
# Visual Studio Version 17
VisualStudioVersion = 17.0.31903.59
MinimumVisualStudioVersion = 10.0.40219.1
Project("{2150E333-8FDC-42A3-9474-1A3956D46DE8}") = "src", "src", "{827E0CD3-B72D-47B6-A68D-7590B98EB39B}"
EndProject
Project("{FAE04EC0-301F-11D3-BF4B-00C04F79EFBC}") = "TipoCambio.Core", "src\TipoCambio.Core\TipoCambio.Core.csproj", "{821D9F3D-A896-4D56-A3BB-5EB37371689C}"
EndProject
Project("{FAE04EC0-301F-11D3-BF4B-00C04F79EFBC}") = "TipoCambio.Api", "src\TipoCambio.Api\TipoCambio.Api.csproj", "{D13F7D0A-0CD5-490F-A80D-F3C1525152C6}"
EndProject
Project("{FAE04EC0-301F-11D3-BF4B-00C04F79EFBC}") = "TipoCambio.Tests", "tests\TipoCambio.Tests\TipoCambio.Tests.csproj", "{ACB1B2D3-8F7E-4D4E-87B1-B75AAF21745D}"
EndProject
Global
	GlobalSection(SolutionConfigurationPlatforms) = preSolution
		Debug|Any CPU = Debug|Any CPU
		Debug|x64 = Debug|x64
		Debug|x86 = Debug|x86
		Release|Any CPU = Release|Any CPU
		Release|x64 = Release|x64
		Release|x86 = Release|x86
	EndGlobalSection
	GlobalSection(ProjectConfigurationPlatforms) = postSolution
		{821D9F3D-A896-4D56-A3BB-5EB37371689C}.Debug|Any CPU.ActiveCfg = Debug|Any CPU
		{821D9F3D-A896-4D56-A3BB-5EB37371689C}.Debug|Any CPU.Build.0 = Debug|Any CPU
		{821D9F3D-A896-4D56-A3BB-5EB37371689C}.Debug|x64.ActiveCfg = Debug|Any CPU
		{821D9F3D-A896-4D56-A3BB-5EB37371689C}.Debug|x64.Build.0 = Debug|Any CPU
		{821D9F3D-A896-4D56-A3BB-5EB37371689C}.Debug|x86.ActiveCfg = Debug|Any CPU
		{821D9F3D-A896-4D56-A3BB-5EB37371689C}.Debug|x86.Build.0 = Debug|Any CPU
		{821D9F3D-A896-4D56-A3BB-5EB37371689C}.Release|Any CPU.ActiveCfg = Release|Any CPU
		{821D9F3D-A896-4D56-A3BB-5EB37371689C}.Release|Any CPU.Build.0 = Release|Any CPU
		{821D9F3D-A896-4D56-A3BB-5EB37371689C}.Release|x64.ActiveCfg = Release|Any CPU
		{821D9F3D-A896-4D56-A3BB-5EB37371689C}.Release|x64.Build.0 = Release|Any CPU
		{821D9F3D-A896-4D56-A3BB-5EB37371689C}.Release|x86.ActiveCfg = Release|Any CPU
		{821D9F3D-A896-4D56-A3BB-5EB37371689C}.Release|x86.Build.0 = Release|Any CPU
		{D13F7D0A-0CD5-490F-A80D-F3C1525152C6}.Debug|Any CPU.ActiveCfg = Debug|Any CPU
		{D13F7D0A-0CD5-490F-A80D-F3C1525152C6}.Debug|Any CPU.Build.0 = Debug|Any CPU
		{D13F7D0A-0CD5-490F-A80D-F3C1525152C6}.Debug|x64.ActiveCfg = Debug|Any CPU
		{D13F7D0A-0CD5-490F-A80D-F3C1525152C6}.Debug|x64.Build.0 = Debug|Any CPU
		{D13F7D0A-0CD5-490F-A80D-F3C1525152C6}.Debug|x86.ActiveCfg = Debug|Any CPU
		{D13F7D0A-0CD5-490F-A80D-F3C1525152C6}.Debug|x86.Build.0 = Debug|Any CPU
		{D13F7D0A-0CD5-490F-A80D-F3C1525152C6}.Release|Any CPU.ActiveCfg = Release|Any CPU
		{D13F7D0A-0CD5-490F-A80D-F3C1525152C6}.Release|Any CPU.Build.0 = Release|Any CPU
		{D13F7D0A-0CD5-490F-A80D-F3C1525152C6}.Release|x64.ActiveCfg = Release|Any CPU
		{D13F7D0A-0CD5-490F-A80D-F3C1525152C6}.Release|x64.Build.0 = Release|Any CPU
		{D13F7D0A-0CD5-490F-A80D-F3C1525152C6}.Release|x86.ActiveCfg = Release|Any CPU
		{D13F7D0A-0CD5-490F-A80D-F3C1525152C6}.Release|x86.Build.0 = Release|Any CPU
		{ACB1B2D3-8F7E-4D4E-87B1-B75AAF21745D}.Debug|Any CPU.ActiveCfg = Debug|Any CPU
		{ACB1B2D3-8F7E-4D4E-87B1-B75AAF21745D}.Debug|Any CPU.Build.0 = Debug|Any CPU
		{ACB1B2D3-8F7E-4D4E-87B1-B75AAF21745D}.Debug|x64.ActiveCfg = Debug|Any CPU
		{ACB1B2D3-8F7E-4D4E-87B1-B75AAF21745D}.Debug|x64.Build.0 = Debug|Any CPU
		{ACB1B2D3-8F7E-4D4E-87B1-B75AAF21745D}.Debug|x86.ActiveCfg = Debug|Any CPU
		{ACB1B2D3-8F7E-4D4E-87B1-B75AAF21745D}.Debug|x86.Build.0 = Debug|Any CPU
		{ACB1B2D3-8F7E-4D4E-87B1-B75AAF21745D}.Release|Any CPU.ActiveCfg = Release|Any CPU
		{ACB1B2D3-8F7E-4D4E-87B1-B75AAF21745D}.Release|Any CPU.Build.0 = Release|Any CPU
		{ACB1B2D3-8F7E-4D4E-87B1-B75AAF21745D}.Release|x64.ActiveCfg = Release|Any CPU
		{ACB1B2D3-8F7E-4D4E-87B1-B75AAF21745D}.Release|x64.Build.0 = Release|Any CPU
		{ACB1B2D3-8F7E-4D4E-87B1-B75AAF21745D}.Release|x86.ActiveCfg = Release|Any CPU
		{ACB1B2D3-8F7E-4D4E-87B1-B75AAF21745D}.Release|x86.Build.0 = Release|Any CPU
	EndGlobalSection
	GlobalSection(SolutionProperties) = preSolution
		HideSolutionNode = FALSE
	EndGlobalSection
	GlobalSection(NestedProjects) = preSolution
		{821D9F3D-A896-4D56-A3BB-5EB37371689C} = {827E0CD3-B72D-47B6-A68D-7590B98EB39B}
		{D13F7D0A-0CD5-490F-A80D-F3C1525152C6} = {827E0CD3-B72D-47B6-A68D-7590B98EB39B}
		{ACB1B2D3-8F7E-4D4E-87B1-B75AAF21745D} = {827E0CD3-B72D-47B6-A68D-7590B98EB39B}
	EndGlobalSection
EndGlobal
